Microsoft Visual Studio Solution File, Format Version 11.00
# Visual Studio 2008

Project("{F1631AEF-095F-265D-A94F-1845566D8C22}") = "AlienCity_Levels", "Assembly-CSharp-firstpass.csproj", "{BAFC190B-7E6C-BF2A-DF97-54C685A02FAC}"
EndProject
Project("{F1631AEF-095F-265D-A94F-1845566D8C22}") = "AlienCity_Levels", "Assembly-CSharp.csproj", "{C1D18DFA-0350-73DF-0F3E-46C89FC12435}"
EndProject
Project("{F1631AEF-095F-265D-A94F-1845566D8C22}") = "AlienCity_Levels", "Assembly-CSharp-Editor-firstpass.csproj", "{B73508CF-9941-7B0C-3ADB-3D049DE5EA30}"
EndProject
Global
	GlobalSection(SolutionConfigurationPlatforms) = preSolution
		Debug|Any CPU = Debug|Any CPU
		Release|Any CPU = Release|Any CPU
	EndGlobalSection
	GlobalSection(ProjectConfigurationPlatforms) = postSolution
		{BAFC190B-7E6C-BF2A-DF97-54C685A02FAC}.Debug|Any CPU.ActiveCfg = Debug|Any CPU
		{BAFC190B-7E6C-BF2A-DF97-54C685A02FAC}.Debug|Any CPU.Build.0 = Debug|Any CPU
		{BAFC190B-7E6C-BF2A-DF97-54C685A02FAC}.Release|Any CPU.ActiveCfg = Release|Any CPU
		{BAFC190B-7E6C-BF2A-DF97-54C685A02FAC}.Release|Any CPU.Build.0 = Release|Any CPU
		{C1D18DFA-0350-73DF-0F3E-46C89FC12435}.Debug|Any CPU.ActiveCfg = Debug|Any CPU
		{C1D18DFA-0350-73DF-0F3E-46C89FC12435}.Debug|Any CPU.Build.0 = Debug|Any CPU
		{C1D18DFA-0350-73DF-0F3E-46C89FC12435}.Release|Any CPU.ActiveCfg = Release|Any CPU
		{C1D18DFA-0350-73DF-0F3E-46C89FC12435}.Release|Any CPU.Build.0 = Release|Any CPU
		{B73508CF-9941-7B0C-3ADB-3D049DE5EA30}.Debug|Any CPU.ActiveCfg = Debug|Any CPU
		{B73508CF-9941-7B0C-3ADB-3D049DE5EA30}.Debug|Any CPU.Build.0 = Debug|Any CPU
		{B73508CF-9941-7B0C-3ADB-3D049DE5EA30}.Release|Any CPU.ActiveCfg = Release|Any CPU
		{B73508CF-9941-7B0C-3ADB-3D049DE5EA30}.Release|Any CPU.Build.0 = Release|Any CPU
	EndGlobalSection
	GlobalSection(SolutionProperties) = preSolution
		HideSolutionNode = FALSE
	EndGlobalSection
	GlobalSection(MonoDevelopProperties) = preSolution
		StartupItem = Assembly-CSharp.csproj
	EndGlobalSection
EndGlobal
